
Microsoft Visual Studio Solution File, Format Version 12.00
# Visual Studio Version 16
VisualStudioVersion = 16.0.34031.81
MinimumVisualStudioVersion = 10.0.40219.1
Project("{FAE04EC0-301F-11D3-BF4B-00C04F79EFBC}") = "AzureFunc-QQRCodeGenerator", "AzureFunc-QQRCodeGenerator.csproj", "{BC98F969-0131-4A68-ADF8-64BA5A6BB05D}"
EndProject
Global
	GlobalSection(SolutionConfigurationPlatforms) = preSolution
		Debug|Any CPU = Debug|Any CPU
		Release|Any CPU = Release|Any CPU
	EndGlobalSection
	GlobalSection(ProjectConfigurationPlatforms) = postSolution
		{BC98F969-0131-4A68-ADF8-64BA5A6BB05D}.Debug|Any CPU.ActiveCfg = Debug|Any CPU
		{BC98F969-0131-4A68-ADF8-64BA5A6BB05D}.Debug|Any CPU.Build.0 = Debug|Any CPU
		{BC98F969-0131-4A68-ADF8-64BA5A6BB05D}.Release|Any CPU.ActiveCfg = Release|Any CPU
		{BC98F969-0131-4A68-ADF8-64BA5A6BB05D}.Release|Any CPU.Build.0 = Release|Any CPU
	EndGlobalSection
	GlobalSection(SolutionProperties) = preSolution
		HideSolutionNode = FALSE
	EndGlobalSection
	GlobalSection(ExtensibilityGlobals) = postSolution
		SolutionGuid = {2FA962D5-1769-44DB-9E4B-F02AC875274A}
	EndGlobalSection
EndGlobal
