
Microsoft Visual Studio Solution File, Format Version 12.00
# Visual Studio Version 16
VisualStudioVersion = 16.0.34031.81
MinimumVisualStudioVersion = 10.0.40219.1
Project("{9A19103F-16F7-4668-BE54-9A1E7A4F7556}") = "AzureFunc-QQRCodeGenerator", "AzureFunc-QQRCodeGenerator.csproj", "{B0D48E07-4D93-49AA-95AD-AD84E49F402C}"
EndProject
Global
	GlobalSection(SolutionConfigurationPlatforms) = preSolution
		Debug|Any CPU = Debug|Any CPU
		Release|Any CPU = Release|Any CPU
	EndGlobalSection
	GlobalSection(ProjectConfigurationPlatforms) = postSolution
		{B0D48E07-4D93-49AA-95AD-AD84E49F402C}.Debug|Any CPU.ActiveCfg = Debug|Any CPU
		{B0D48E07-4D93-49AA-95AD-AD84E49F402C}.Debug|Any CPU.Build.0 = Debug|Any CPU
		{B0D48E07-4D93-49AA-95AD-AD84E49F402C}.Release|Any CPU.ActiveCfg = Release|Any CPU
		{B0D48E07-4D93-49AA-95AD-AD84E49F402C}.Release|Any CPU.Build.0 = Release|Any CPU
	EndGlobalSection
	GlobalSection(SolutionProperties) = preSolution
		HideSolutionNode = FALSE
	EndGlobalSection
	GlobalSection(ExtensibilityGlobals) = postSolution
		SolutionGuid = {2FA962D5-1769-44DB-9E4B-F02AC875274A}
	EndGlobalSection
EndGlobal
